Microsoft Visual Studio Solution File, Format Version 12.00
# Visual Studio Version 17
VisualStudioVersion = 17.5.2.0
MinimumVisualStudioVersion = 10.0.40219.1
Project("{2150E333-8FDC-42A3-9474-1A3956D46DE8}") = "mslearn", "mslearn", "{55537292-54CE-2C36-DCC8-FF4A4395DF8E}"
EndProject
Project("{2150E333-8FDC-42A3-9474-1A3956D46DE8}") = "azure-ai-document-intelligence", "azure-ai-document-intelligence", "{F5838CB8-8A41-6E7B-CDD0-2ED6930664A1}"
EndProject
Project("{2150E333-8FDC-42A3-9474-1A3956D46DE8}") = "azure_document_intelligence", "azure_document_intelligence", "{E2842B9F-BF0A-AD80-CB4B-D332EC3493FA}"
EndProject
Project("{2150E333-8FDC-42A3-9474-1A3956D46DE8}") = "Labfiles", "Labfiles", "{1E547FDE-3247-F506-A69C-17A00D3CAB27}"
EndProject
Project("{2150E333-8FDC-42A3-9474-1A3956D46DE8}") = "02-custom-document-intelligence", "02-custom-document-intelligence", "{09F0523A-705E-F691-6E60-15F60B3F01A9}"
EndProject
Project("{FAE04EC0-301F-11D3-BF4B-00C04F79EFBC}") = "test-model", "mslearn\azure-ai-document-intelligence\azure_document_intelligence\Labfiles\02-custom-document-intelligence\C-Sharp\test-model.csproj", "{02325519-8EEC-0C67-0B42-B406DD4E7297}"
EndProject
Project("{2150E333-8FDC-42A3-9474-1A3956D46DE8}") = "01-prebuild-models", "01-prebuild-models", "{5BF90C77-0AA3-A8B7-40B1-A7B3518CE841}"
EndProject
Project("{FAE04EC0-301F-11D3-BF4B-00C04F79EFBC}") = "invoicereader", "mslearn\azure-ai-document-intelligence\azure_document_intelligence\Labfiles\01-prebuild-models\CSharp\invoicereader.csproj", "{54D106CA-34D1-AED2-9A48-3906E03C2638}"
EndProject
Project("{2150E333-8FDC-42A3-9474-1A3956D46DE8}") = "azure-ai-language", "azure-ai-language", "{657604B4-F45B-2329-E760-A9BF16BED8CB}"
EndProject
Project("{2150E333-8FDC-42A3-9474-1A3956D46DE8}") = "Labfiles", "Labfiles", "{7FCCA0CB-589F-ED74-EE9B-F0B6FC8A98E2}"
EndProject
Project("{2150E333-8FDC-42A3-9474-1A3956D46DE8}") = "01-analyze-text", "01-analyze-text", "{B1938AE3-E80D-1C99-575E-D02504F20336}"
EndProject
Project("{2150E333-8FDC-42A3-9474-1A3956D46DE8}") = "C-Sharp", "C-Sharp", "{89065724-8F2B-7BCE-0D2F-5E79BDD438D8}"
EndProject
Project("{FAE04EC0-301F-11D3-BF4B-00C04F79EFBC}") = "text-analysis", "mslearn\azure-ai-language\Labfiles\01-analyze-text\C-Sharp\text-analysis\text-analysis.csproj", "{CFAE1187-D9A9-7568-89F2-2479A10E114E}"
EndProject
Project("{2150E333-8FDC-42A3-9474-1A3956D46DE8}") = "07-speech", "07-speech", "{1C5B3836-F4B5-07C4-62D7-55A64E3E8FF9}"
EndProject
Project("{2150E333-8FDC-42A3-9474-1A3956D46DE8}") = "C-Sharp", "C-Sharp", "{162EC9D7-2C54-91E1-2A50-74C4E9839A4A}"
EndProject
Project("{FAE04EC0-301F-11D3-BF4B-00C04F79EFBC}") = "speaking-clock", "mslearn\azure-ai-language\Labfiles\07-speech\C-Sharp\speaking-clock\speaking-clock.csproj", "{6C41911F-FDCC-B449-58EA-ED6946D786A2}"
EndProject
Project("{2150E333-8FDC-42A3-9474-1A3956D46DE8}") = "02-qna", "02-qna", "{53E9C004-13D2-59B7-0396-43C97BF237D2}"
EndProject
Project("{2150E333-8FDC-42A3-9474-1A3956D46DE8}") = "C-Sharp", "C-Sharp", "{21D2CA86-1571-A769-7E4D-850A8780E590}"
EndProject
Project("{FAE04EC0-301F-11D3-BF4B-00C04F79EFBC}") = "qna-app", "mslearn\azure-ai-language\Labfiles\02-qna\C-Sharp\qna-app\qna-app.csproj", "{3C1F085E-F52D-D58F-86DB-D49831C21F68}"
EndProject
Project("{2150E333-8FDC-42A3-9474-1A3956D46DE8}") = "06b-translator-sdk", "06b-translator-sdk", "{F7997FE0-B0B4-F9E4-D13D-F886C72D4ABC}"
EndProject
Project("{2150E333-8FDC-42A3-9474-1A3956D46DE8}") = "C-Sharp", "C-Sharp", "{5756D111-8F3B-5B6E-07F1-1852D461E9A1}"
EndProject
Project("{FAE04EC0-301F-11D3-BF4B-00C04F79EFBC}") = "translate_text", "mslearn\azure-ai-language\Labfiles\06b-translator-sdk\C-Sharp\translate-text\translate_text.csproj", "{85F6A374-8CD6-3291-0AB2-73D41154261A}"
EndProject
Project("{2150E333-8FDC-42A3-9474-1A3956D46DE8}") = "08-speech-translation", "08-speech-translation", "{B2199582-6F8D-9E7E-7077-C72E1AA73929}"
EndProject
Project("{2150E333-8FDC-42A3-9474-1A3956D46DE8}") = "C-Sharp", "C-Sharp", "{3A3F37A5-86B5-EC91-8061-82F1A6806220}"
EndProject
Project("{FAE04EC0-301F-11D3-BF4B-00C04F79EFBC}") = "translator", "mslearn\azure-ai-language\Labfiles\08-speech-translation\C-Sharp\translator\translator.csproj", "{1D6A33E4-653C-1BCA-6A13-86CEBEEBF8DD}"
EndProject
Project("{2150E333-8FDC-42A3-9474-1A3956D46DE8}") = "07b-speech", "07b-speech", "{54EAE78E-CBFE-CE9F-2C0E-04CDC8BDB483}"
EndProject
Project("{2150E333-8FDC-42A3-9474-1A3956D46DE8}") = "C-Sharp", "C-Sharp", "{6143A2DD-4905-40CF-FE4C-F775895F4371}"
EndProject
Project("{FAE04EC0-301F-11D3-BF4B-00C04F79EFBC}") = "speaking-clock", "mslearn\azure-ai-language\Labfiles\07b-speech\C-Sharp\speaking-clock\speaking-clock.csproj", "{5AF720CC-7765-A2D6-F537-2A47919E9E37}"
EndProject
Project("{2150E333-8FDC-42A3-9474-1A3956D46DE8}") = "03-language", "03-language", "{C7DDDA38-3FCD-FA57-3874-A617855BA595}"
EndProject
Project("{2150E333-8FDC-42A3-9474-1A3956D46DE8}") = "C-Sharp", "C-Sharp", "{44FB6110-FF6D-1A74-C64E-D2FAE80C9F8D}"
EndProject
Project("{FAE04EC0-301F-11D3-BF4B-00C04F79EFBC}") = "clock_client", "mslearn\azure-ai-language\Labfiles\03-language\C-Sharp\clock-client\clock_client.csproj", "{5EDB8089-2197-F6B4-AEDB-AB46EE50D844}"
EndProject
Project("{2150E333-8FDC-42A3-9474-1A3956D46DE8}") = "04-text-classification", "04-text-classification", "{3CF7570E-84FB-EF09-342C-62DB30889070}"
EndProject
Project("{2150E333-8FDC-42A3-9474-1A3956D46DE8}") = "C-Sharp", "C-Sharp", "{2C6BC328-B164-C56C-6BFF-0A2D04A5E37E}"
EndProject
Project("{FAE04EC0-301F-11D3-BF4B-00C04F79EFBC}") = "classify-text", "mslearn\azure-ai-language\Labfiles\04-text-classification\C-Sharp\classify-text\classify-text.csproj", "{20EC1D3B-F4F6-12E1-7B98-5E8E5CBF94A2}"
EndProject
Project("{2150E333-8FDC-42A3-9474-1A3956D46DE8}") = "06-translate-text", "06-translate-text", "{3CB06832-143C-923A-1556-8D360677E78B}"
EndProject
Project("{2150E333-8FDC-42A3-9474-1A3956D46DE8}") = "C-Sharp", "C-Sharp", "{0CF85F32-90DE-B259-7116-B5EB1BD6075F}"
EndProject
Project("{FAE04EC0-301F-11D3-BF4B-00C04F79EFBC}") = "translate_text", "mslearn\azure-ai-language\Labfiles\06-translate-text\C-Sharp\text-translation\translate_text.csproj", "{24D0F983-5C43-7E60-824B-82148E7BB092}"
EndProject
Project("{2150E333-8FDC-42A3-9474-1A3956D46DE8}") = "05-custom-entity-recognition", "05-custom-entity-recognition", "{603FEC92-6FA5-29EE-9D08-D5D4847508C6}"
EndProject
Project("{2150E333-8FDC-42A3-9474-1A3956D46DE8}") = "C-Sharp", "C-Sharp", "{6AB307E3-B696-F11E-EA3E-9B9F8B809B5E}"
EndProject
Project("{FAE04EC0-301F-11D3-BF4B-00C04F79EFBC}") = "custom-entities", "mslearn\azure-ai-language\Labfiles\05-custom-entity-recognition\C-Sharp\custom-entities\custom-entities.csproj", "{BADB70F5-F0F6-91EE-3999-0A090BCC7832}"
EndProject
Global
	GlobalSection(SolutionConfigurationPlatforms) = preSolution
		Debug|Any CPU = Debug|Any CPU
		Release|Any CPU = Release|Any CPU
	EndGlobalSection
	GlobalSection(ProjectConfigurationPlatforms) = postSolution
		{02325519-8EEC-0C67-0B42-B406DD4E7297}.Debug|Any CPU.ActiveCfg = Debug|Any CPU
		{02325519-8EEC-0C67-0B42-B406DD4E7297}.Debug|Any CPU.Build.0 = Debug|Any CPU
		{02325519-8EEC-0C67-0B42-B406DD4E7297}.Release|Any CPU.ActiveCfg = Release|Any CPU
		{02325519-8EEC-0C67-0B42-B406DD4E7297}.Release|Any CPU.Build.0 = Release|Any CPU
		{54D106CA-34D1-AED2-9A48-3906E03C2638}.Debug|Any CPU.ActiveCfg = Debug|Any CPU
		{54D106CA-34D1-AED2-9A48-3906E03C2638}.Debug|Any CPU.Build.0 = Debug|Any CPU
		{54D106CA-34D1-AED2-9A48-3906E03C2638}.Release|Any CPU.ActiveCfg = Release|Any CPU
		{54D106CA-34D1-AED2-9A48-3906E03C2638}.Release|Any CPU.Build.0 = Release|Any CPU
		{CFAE1187-D9A9-7568-89F2-2479A10E114E}.Debug|Any CPU.ActiveCfg = Debug|Any CPU
		{CFAE1187-D9A9-7568-89F2-2479A10E114E}.Debug|Any CPU.Build.0 = Debug|Any CPU
		{CFAE1187-D9A9-7568-89F2-2479A10E114E}.Release|Any CPU.ActiveCfg = Release|Any CPU
		{CFAE1187-D9A9-7568-89F2-2479A10E114E}.Release|Any CPU.Build.0 = Release|Any CPU
		{6C41911F-FDCC-B449-58EA-ED6946D786A2}.Debug|Any CPU.ActiveCfg = Debug|Any CPU
		{6C41911F-FDCC-B449-58EA-ED6946D786A2}.Debug|Any CPU.Build.0 = Debug|Any CPU
		{6C41911F-FDCC-B449-58EA-ED6946D786A2}.Release|Any CPU.ActiveCfg = Release|Any CPU
		{6C41911F-FDCC-B449-58EA-ED6946D786A2}.Release|Any CPU.Build.0 = Release|Any CPU
		{3C1F085E-F52D-D58F-86DB-D49831C21F68}.Debug|Any CPU.ActiveCfg = Debug|Any CPU
		{3C1F085E-F52D-D58F-86DB-D49831C21F68}.Debug|Any CPU.Build.0 = Debug|Any CPU
		{3C1F085E-F52D-D58F-86DB-D49831C21F68}.Release|Any CPU.ActiveCfg = Release|Any CPU
		{3C1F085E-F52D-D58F-86DB-D49831C21F68}.Release|Any CPU.Build.0 = Release|Any CPU
		{85F6A374-8CD6-3291-0AB2-73D41154261A}.Debug|Any CPU.ActiveCfg = Debug|Any CPU
		{85F6A374-8CD6-3291-0AB2-73D41154261A}.Debug|Any CPU.Build.0 = Debug|Any CPU
		{85F6A374-8CD6-3291-0AB2-73D41154261A}.Release|Any CPU.ActiveCfg = Release|Any CPU
		{85F6A374-8CD6-3291-0AB2-73D41154261A}.Release|Any CPU.Build.0 = Release|Any CPU
		{1D6A33E4-653C-1BCA-6A13-86CEBEEBF8DD}.Debug|Any CPU.ActiveCfg = Debug|Any CPU
		{1D6A33E4-653C-1BCA-6A13-86CEBEEBF8DD}.Debug|Any CPU.Build.0 = Debug|Any CPU
		{1D6A33E4-653C-1BCA-6A13-86CEBEEBF8DD}.Release|Any CPU.ActiveCfg = Release|Any CPU
		{1D6A33E4-653C-1BCA-6A13-86CEBEEBF8DD}.Release|Any CPU.Build.0 = Release|Any CPU
		{5AF720CC-7765-A2D6-F537-2A47919E9E37}.Debug|Any CPU.ActiveCfg = Debug|Any CPU
		{5AF720CC-7765-A2D6-F537-2A47919E9E37}.Debug|Any CPU.Build.0 = Debug|Any CPU
		{5AF720CC-7765-A2D6-F537-2A47919E9E37}.Release|Any CPU.ActiveCfg = Release|Any CPU
		{5AF720CC-7765-A2D6-F537-2A47919E9E37}.Release|Any CPU.Build.0 = Release|Any CPU
		{5EDB8089-2197-F6B4-AEDB-AB46EE50D844}.Debug|Any CPU.ActiveCfg = Debug|Any CPU
		{5EDB8089-2197-F6B4-AEDB-AB46EE50D844}.Debug|Any CPU.Build.0 = Debug|Any CPU
		{5EDB8089-2197-F6B4-AEDB-AB46EE50D844}.Release|Any CPU.ActiveCfg = Release|Any CPU
		{5EDB8089-2197-F6B4-AEDB-AB46EE50D844}.Release|Any CPU.Build.0 = Release|Any CPU
		{20EC1D3B-F4F6-12E1-7B98-5E8E5CBF94A2}.Debug|Any CPU.ActiveCfg = Debug|Any CPU
		{20EC1D3B-F4F6-12E1-7B98-5E8E5CBF94A2}.Debug|Any CPU.Build.0 = Debug|Any CPU
		{20EC1D3B-F4F6-12E1-7B98-5E8E5CBF94A2}.Release|Any CPU.ActiveCfg = Release|Any CPU
		{20EC1D3B-F4F6-12E1-7B98-5E8E5CBF94A2}.Release|Any CPU.Build.0 = Release|Any CPU
		{24D0F983-5C43-7E60-824B-82148E7BB092}.Debug|Any CPU.ActiveCfg = Debug|Any CPU
		{24D0F983-5C43-7E60-824B-82148E7BB092}.Debug|Any CPU.Build.0 = Debug|Any CPU
		{24D0F983-5C43-7E60-824B-82148E7BB092}.Release|Any CPU.ActiveCfg = Release|Any CPU
		{24D0F983-5C43-7E60-824B-82148E7BB092}.Release|Any CPU.Build.0 = Release|Any CPU
		{BADB70F5-F0F6-91EE-3999-0A090BCC7832}.Debug|Any CPU.ActiveCfg = Debug|Any CPU
		{BADB70F5-F0F6-91EE-3999-0A090BCC7832}.Debug|Any CPU.Build.0 = Debug|Any CPU
		{BADB70F5-F0F6-91EE-3999-0A090BCC7832}.Release|Any CPU.ActiveCfg = Release|Any CPU
		{BADB70F5-F0F6-91EE-3999-0A090BCC7832}.Release|Any CPU.Build.0 = Release|Any CPU
	EndGlobalSection
	GlobalSection(SolutionProperties) = preSolution
		HideSolutionNode = FALSE
	EndGlobalSection
	GlobalSection(NestedProjects) = preSolution
		{F5838CB8-8A41-6E7B-CDD0-2ED6930664A1} = {55537292-54CE-2C36-DCC8-FF4A4395DF8E}
		{E2842B9F-BF0A-AD80-CB4B-D332EC3493FA} = {F5838CB8-8A41-6E7B-CDD0-2ED6930664A1}
		{1E547FDE-3247-F506-A69C-17A00D3CAB27} = {E2842B9F-BF0A-AD80-CB4B-D332EC3493FA}
		{09F0523A-705E-F691-6E60-15F60B3F01A9} = {1E547FDE-3247-F506-A69C-17A00D3CAB27}
		{02325519-8EEC-0C67-0B42-B406DD4E7297} = {09F0523A-705E-F691-6E60-15F60B3F01A9}
		{5BF90C77-0AA3-A8B7-40B1-A7B3518CE841} = {1E547FDE-3247-F506-A69C-17A00D3CAB27}
		{54D106CA-34D1-AED2-9A48-3906E03C2638} = {5BF90C77-0AA3-A8B7-40B1-A7B3518CE841}
		{657604B4-F45B-2329-E760-A9BF16BED8CB} = {55537292-54CE-2C36-DCC8-FF4A4395DF8E}
		{7FCCA0CB-589F-ED74-EE9B-F0B6FC8A98E2} = {657604B4-F45B-2329-E760-A9BF16BED8CB}
		{B1938AE3-E80D-1C99-575E-D02504F20336} = {7FCCA0CB-589F-ED74-EE9B-F0B6FC8A98E2}
		{89065724-8F2B-7BCE-0D2F-5E79BDD438D8} = {B1938AE3-E80D-1C99-575E-D02504F20336}
		{CFAE1187-D9A9-7568-89F2-2479A10E114E} = {89065724-8F2B-7BCE-0D2F-5E79BDD438D8}
		{1C5B3836-F4B5-07C4-62D7-55A64E3E8FF9} = {7FCCA0CB-589F-ED74-EE9B-F0B6FC8A98E2}
		{162EC9D7-2C54-91E1-2A50-74C4E9839A4A} = {1C5B3836-F4B5-07C4-62D7-55A64E3E8FF9}
		{6C41911F-FDCC-B449-58EA-ED6946D786A2} = {162EC9D7-2C54-91E1-2A50-74C4E9839A4A}
		{53E9C004-13D2-59B7-0396-43C97BF237D2} = {7FCCA0CB-589F-ED74-EE9B-F0B6FC8A98E2}
		{21D2CA86-1571-A769-7E4D-850A8780E590} = {53E9C004-13D2-59B7-0396-43C97BF237D2}
		{3C1F085E-F52D-D58F-86DB-D49831C21F68} = {21D2CA86-1571-A769-7E4D-850A8780E590}
		{F7997FE0-B0B4-F9E4-D13D-F886C72D4ABC} = {7FCCA0CB-589F-ED74-EE9B-F0B6FC8A98E2}
		{5756D111-8F3B-5B6E-07F1-1852D461E9A1} = {F7997FE0-B0B4-F9E4-D13D-F886C72D4ABC}
		{85F6A374-8CD6-3291-0AB2-73D41154261A} = {5756D111-8F3B-5B6E-07F1-1852D461E9A1}
		{B2199582-6F8D-9E7E-7077-C72E1AA73929} = {7FCCA0CB-589F-ED74-EE9B-F0B6FC8A98E2}
		{3A3F37A5-86B5-EC91-8061-82F1A6806220} = {B2199582-6F8D-9E7E-7077-C72E1AA73929}
		{1D6A33E4-653C-1BCA-6A13-86CEBEEBF8DD} = {3A3F37A5-86B5-EC91-8061-82F1A6806220}
		{54EAE78E-CBFE-CE9F-2C0E-04CDC8BDB483} = {7FCCA0CB-589F-ED74-EE9B-F0B6FC8A98E2}
		{6143A2DD-4905-40CF-FE4C-F775895F4371} = {54EAE78E-CBFE-CE9F-2C0E-04CDC8BDB483}
		{5AF720CC-7765-A2D6-F537-2A47919E9E37} = {6143A2DD-4905-40CF-FE4C-F775895F4371}
		{C7DDDA38-3FCD-FA57-3874-A617855BA595} = {7FCCA0CB-589F-ED74-EE9B-F0B6FC8A98E2}
		{44FB6110-FF6D-1A74-C64E-D2FAE80C9F8D} = {C7DDDA38-3FCD-FA57-3874-A617855BA595}
		{5EDB8089-2197-F6B4-AEDB-AB46EE50D844} = {44FB6110-FF6D-1A74-C64E-D2FAE80C9F8D}
		{3CF7570E-84FB-EF09-342C-62DB30889070} = {7FCCA0CB-589F-ED74-EE9B-F0B6FC8A98E2}
		{2C6BC328-B164-C56C-6BFF-0A2D04A5E37E} = {3CF7570E-84FB-EF09-342C-62DB30889070}
		{20EC1D3B-F4F6-12E1-7B98-5E8E5CBF94A2} = {2C6BC328-B164-C56C-6BFF-0A2D04A5E37E}
		{3CB06832-143C-923A-1556-8D360677E78B} = {7FCCA0CB-589F-ED74-EE9B-F0B6FC8A98E2}
		{0CF85F32-90DE-B259-7116-B5EB1BD6075F} = {3CB06832-143C-923A-1556-8D360677E78B}
		{24D0F983-5C43-7E60-824B-82148E7BB092} = {0CF85F32-90DE-B259-7116-B5EB1BD6075F}
		{603FEC92-6FA5-29EE-9D08-D5D4847508C6} = {7FCCA0CB-589F-ED74-EE9B-F0B6FC8A98E2}
		{6AB307E3-B696-F11E-EA3E-9B9F8B809B5E} = {603FEC92-6FA5-29EE-9D08-D5D4847508C6}
		{BADB70F5-F0F6-91EE-3999-0A090BCC7832} = {6AB307E3-B696-F11E-EA3E-9B9F8B809B5E}
	EndGlobalSection
	GlobalSection(ExtensibilityGlobals) = postSolution
		SolutionGuid = {892A2575-9AB8-4209-9A8D-18D61A674BDF}
	EndGlobalSection
EndGlobal
